// !$*UTF8*$!
{
	archiveVersion = 1;
	classes = {
	};
	objectVersion = 50;
	objects = {

/* Begin PBXBuildFile section */
		4768E37E252B259E0078F3FD /* quicksort.cpp in Sources */ = {isa = PBXBuildFile; fileRef = 4768E37C252B259E0078F3FD /* quicksort.cpp */; };
		4768E3A0252B2B180078F3FD /* testsuite.cpp in Sources */ = {isa = PBXBuildFile; fileRef = 4768E38A252B275B0078F3FD /* testsuite.cpp */; };
		4768E3A5252B2B9B0078F3FD /* fileworks.cpp in Sources */ = {isa = PBXBuildFile; fileRef = 4768E3A3252B2B9B0078F3FD /* fileworks.cpp */; };
		47A38ED125276A1700A75E90 /* main.cpp in Sources */ = {isa = PBXBuildFile; fileRef = 47A38ED025276A1700A75E90 /* main.cpp */; };
/* End PBXBuildFile section */

/* Begin PBXCopyFilesBuildPhase section */
		47A38ECB25276A1700A75E90 /* CopyFiles */ = {
			isa = PBXCopyFilesBuildPhase;
			buildActionMask = 2147483647;
			dstPath = /usr/share/man/man1/;
			dstSubfolderSpec = 0;
			files = (
			);
			runOnlyForDeploymentPostprocessing = 1;
		};
/* End PBXCopyFilesBuildPhase section */

/* Begin PBXFileReference section */
		4768E36C252B20330078F3FD /* README.md */ = {isa = PBXFileReference; fileEncoding = 4; lastKnownFileType = net.daringfireball.markdown; path = README.md; sourceTree = "<group>"; };
		4768E36D252B20330078F3FD /* .gitignore */ = {isa = PBXFileReference; fileEncoding = 4; lastKnownFileType = text; path = .gitignore; sourceTree = "<group>"; };
		4768E36E252B20330078F3FD /* LICENSE */ = {isa = PBXFileReference; fileEncoding = 4; lastKnownFileType = text; path = LICENSE; sourceTree = "<group>"; };
		4768E37C252B259E0078F3FD /* quicksort.cpp */ = {isa = PBXFileReference; lastKnownFileType = sourcecode.cpp.cpp; path = quicksort.cpp; sourceTree = "<group>"; };
		4768E37D252B259E0078F3FD /* quicksort.hpp */ = {isa = PBXFileReference; lastKnownFileType = sourcecode.cpp.h; path = quicksort.hpp; sourceTree = "<group>"; };
		4768E381252B25C70078F3FD /* hamlet.txt */ = {isa = PBXFileReference; fileEncoding = 4; lastKnownFileType = text; path = hamlet.txt; sourceTree = "<group>"; };
		4768E38A252B275B0078F3FD /* testsuite.cpp */ = {isa = PBXFileReference; lastKnownFileType = sourcecode.cpp.cpp; path = testsuite.cpp; sourceTree = "<group>"; };
		4768E38B252B275B0078F3FD /* testsuite.hpp */ = {isa = PBXFileReference; lastKnownFileType = sourcecode.cpp.h; path = testsuite.hpp; sourceTree = "<group>"; };
		4768E39C252B29E40078F3FD /* onegin.txt */ = {isa = PBXFileReference; fileEncoding = 4; lastKnownFileType = text; path = onegin.txt; sourceTree = "<group>"; };
		4768E3A3252B2B9B0078F3FD /* fileworks.cpp */ = {isa = PBXFileReference; lastKnownFileType = sourcecode.cpp.cpp; path = fileworks.cpp; sourceTree = "<group>"; };
		4768E3A4252B2B9B0078F3FD /* fileworks.hpp */ = {isa = PBXFileReference; lastKnownFileType = sourcecode.cpp.h; path = fileworks.hpp; sourceTree = "<group>"; };
		4768E3A8252B2BB30078F3FD /* romeo_and_juliet.txt */ = {isa = PBXFileReference; fileEncoding = 4; lastKnownFileType = text; path = romeo_and_juliet.txt; sourceTree = "<group>"; };
		47A38ECD25276A1700A75E90 /* ub-sort */ = {isa = PBXFileReference; explicitFileType = "compiled.mach-o.executable"; includeInIndex = 0; path = "ub-sort"; sourceTree = BUILT_PRODUCTS_DIR; };
		47A38ED025276A1700A75E90 /* main.cpp */ = {isa = PBXFileReference; lastKnownFileType = sourcecode.cpp.cpp; path = main.cpp; sourceTree = "<group>"; };
/* End PBXFileReference section */

/* Begin PBXFrameworksBuildPhase section */
		47A38ECA25276A1700A75E90 /* Frameworks */ = {
			isa = PBXFrameworksBuildPhase;
			buildActionMask = 2147483647;
			files = (
			);
			runOnlyForDeploymentPostprocessing = 0;
		};
/* End PBXFrameworksBuildPhase section */

/* Begin PBXGroup section */
		4768E371252B20A30078F3FD /* Headers */ = {
			isa = PBXGroup;
			children = (
				4768E3A2252B2B8A0078F3FD /* FileWorks */,
				4768E375252B219E0078F3FD /* QuickSort */,
			);
			path = Headers;
			sourceTree = "<group>";
		};
		4768E375252B219E0078F3FD /* QuickSort */ = {
			isa = PBXGroup;
			children = (
				4768E37D252B259E0078F3FD /* quicksort.hpp */,
			);
			path = QuickSort;
			sourceTree = "<group>";
		};
		4768E379252B253D0078F3FD /* Files */ = {
			isa = PBXGroup;
			children = (
				4768E3A8252B2BB30078F3FD /* romeo_and_juliet.txt */,
				4768E39C252B29E40078F3FD /* onegin.txt */,
				4768E381252B25C70078F3FD /* hamlet.txt */,
			);
			path = Files;
			sourceTree = "<group>";
		};
		4768E37A252B254B0078F3FD /* Output */ = {
			isa = PBXGroup;
			children = (
			);
			path = Output;
			sourceTree = "<group>";
		};
		4768E37B252B255E0078F3FD /* Docs */ = {
			isa = PBXGroup;
			children = (
			);
			path = Docs;
			sourceTree = "<group>";
		};
		4768E382252B267A0078F3FD /* TestSuite */ = {
			isa = PBXGroup;
			children = (
				4768E38B252B275B0078F3FD /* testsuite.hpp */,
			);
			path = TestSuite;
			sourceTree = "<group>";
		};
		4768E3A2252B2B8A0078F3FD /* FileWorks */ = {
			isa = PBXGroup;
			children = (
				4768E3A4252B2B9B0078F3FD /* fileworks.hpp */,
			);
			path = FileWorks;
			sourceTree = "<group>";
		};
		4768E3AA252B2F830078F3FD /* Logs */ = {
			isa = PBXGroup;
			children = (
			);
			path = Logs;
			sourceTree = "<group>";
		};
		47A38EC425276A1700A75E90 = {
			isa = PBXGroup;
			children = (
				4768E36D252B20330078F3FD /* .gitignore */,
				4768E36E252B20330078F3FD /* LICENSE */,
				4768E36C252B20330078F3FD /* README.md */,
				4768E37B252B255E0078F3FD /* Docs */,
				4768E371252B20A30078F3FD /* Headers */,
				47A38ECF25276A1700A75E90 /* Sources */,
				4768E37A252B254B0078F3FD /* Output */,
				4768E3AA252B2F830078F3FD /* Logs */,
				4768E379252B253D0078F3FD /* Files */,
				4768E382252B267A0078F3FD /* TestSuite */,
				47A38ECE25276A1700A75E90 /* Products */,
			);
			sourceTree = "<group>";
		};
		47A38ECE25276A1700A75E90 /* Products */ = {
			isa = PBXGroup;
			children = (
				47A38ECD25276A1700A75E90 /* ub-sort */,
			);
			name = Products;
			sourceTree = "<group>";
		};
		47A38ECF25276A1700A75E90 /* Sources */ = {
			isa = PBXGroup;
			children = (
				47A38ED025276A1700A75E90 /* main.cpp */,
				4768E3A3252B2B9B0078F3FD /* fileworks.cpp */,
				4768E37C252B259E0078F3FD /* quicksort.cpp */,
				4768E38A252B275B0078F3FD /* testsuite.cpp */,
			);
			path = Sources;
			sourceTree = "<group>";
		};
/* End PBXGroup section */

/* Begin PBXNativeTarget section */
		47A38ECC25276A1700A75E90 /* ub-sort */ = {
			isa = PBXNativeTarget;
			buildConfigurationList = 47A38ED425276A1700A75E90 /* Build configuration list for PBXNativeTarget "ub-sort" */;
			buildPhases = (
				47A38EC925276A1700A75E90 /* Sources */,
				47A38ECA25276A1700A75E90 /* Frameworks */,
				47A38ECB25276A1700A75E90 /* CopyFiles */,
			);
			buildRules = (
			);
			dependencies = (
			);
			name = "ub-sort";
			productName = "ub-sort";
			productReference = 47A38ECD25276A1700A75E90 /* ub-sort */;
			productType = "com.apple.product-type.tool";
		};
/* End PBXNativeTarget section */

/* Begin PBXProject section */
		47A38EC525276A1700A75E90 /* Project object */ = {
			isa = PBXProject;
			attributes = {
				LastUpgradeCheck = 1200;
				TargetAttributes = {
					47A38ECC25276A1700A75E90 = {
						CreatedOnToolsVersion = 12.0.1;
					};
				};
			};
			buildConfigurationList = 47A38EC825276A1700A75E90 /* Build configuration list for PBXProject "ub-sort" */;
			compatibilityVersion = "Xcode 9.3";
			developmentRegion = en;
			hasScannedForEncodings = 0;
			knownRegions = (
				en,
				Base,
			);
			mainGroup = 47A38EC425276A1700A75E90;
			productRefGroup = 47A38ECE25276A1700A75E90 /* Products */;
			projectDirPath = "";
			projectRoot = "";
			targets = (
				47A38ECC25276A1700A75E90 /* ub-sort */,
			);
		};
/* End PBXProject section */

/* Begin PBXSourcesBuildPhase section */
		47A38EC925276A1700A75E90 /* Sources */ = {
			isa = PBXSourcesBuildPhase;
			buildActionMask = 2147483647;
			files = (
				4768E3A5252B2B9B0078F3FD /* fileworks.cpp in Sources */,
				47A38ED125276A1700A75E90 /* main.cpp in Sources */,
				4768E3A0252B2B180078F3FD /* testsuite.cpp in Sources */,
				4768E37E252B259E0078F3FD /* quicksort.cpp in Sources */,
			);
			runOnlyForDeploymentPostprocessing = 0;
		};
/* End PBXSourcesBuildPhase section */

/* Begin XCBuildConfiguration section */
		47A38ED225276A1700A75E90 /* Debug */ = {
			isa = XCBuildConfiguration;
			buildSettings = {
				ALWAYS_SEARCH_USER_PATHS = NO;
				CLANG_ANALYZER_NONNULL = YES;
				CLANG_ANALYZER_NUMBER_OBJECT_CONVERSION = YES_AGGRESSIVE;
				CLANG_CXX_LANGUAGE_STANDARD = "gnu++14";
				CLANG_CXX_LIBRARY = "libc++";
				CLANG_ENABLE_MODULES = YES;
				CLANG_ENABLE_OBJC_ARC = YES;
				CLANG_ENABLE_OBJC_WEAK = YES;
				CLANG_WARN_BLOCK_CAPTURE_AUTORELEASING = YES;
				CLANG_WARN_BOOL_CONVERSION = YES;
				CLANG_WARN_COMMA = YES;
				CLANG_WARN_CONSTANT_CONVERSION = YES;
				CLANG_WARN_DEPRECATED_OBJC_IMPLEMENTATIONS = YES;
				CLANG_WARN_DIRECT_OBJC_ISA_USAGE = YES_ERROR;
				CLANG_WARN_DOCUMENTATION_COMMENTS = YES;
				CLANG_WARN_EMPTY_BODY = YES;
				CLANG_WARN_ENUM_CONVERSION = YES;
				CLANG_WARN_INFINITE_RECURSION = YES;
				CLANG_WARN_INT_CONVERSION = YES;
				CLANG_WARN_NON_LITERAL_NULL_CONVERSION = YES;
				CLANG_WARN_OBJC_IMPLICIT_RETAIN_SELF = YES;
				CLANG_WARN_OBJC_LITERAL_CONVERSION = YES;
				CLANG_WARN_OBJC_ROOT_CLASS = YES_ERROR;
				CLANG_WARN_QUOTED_INCLUDE_IN_FRAMEWORK_HEADER = YES;
				CLANG_WARN_RANGE_LOOP_ANALYSIS = YES;
				CLANG_WARN_STRICT_PROTOTYPES = YES;
				CLANG_WARN_SUSPICIOUS_MOVE = YES;
				CLANG_WARN_UNGUARDED_AVAILABILITY = YES_AGGRESSIVE;
				CLANG_WARN_UNREACHABLE_CODE = YES;
				CLANG_WARN__DUPLICATE_METHOD_MATCH = YES;
				CODE_SIGN_IDENTITY = "-";
				COPY_PHASE_STRIP = NO;
				DEBUG_INFORMATION_FORMAT = dwarf;
				ENABLE_HARDENED_RUNTIME = YES;
				ENABLE_STRICT_OBJC_MSGSEND = YES;
				ENABLE_TESTABILITY = YES;
				GCC_C_LANGUAGE_STANDARD = gnu11;
				GCC_DYNAMIC_NO_PIC = NO;
				GCC_NO_COMMON_BLOCKS = YES;
				GCC_OPTIMIZATION_LEVEL = 0;
				GCC_PREPROCESSOR_DEFINITIONS = (
					"DEBUG=1",
					"$(inherited)",
				);
				GCC_WARN_64_TO_32_BIT_CONVERSION = YES;
				GCC_WARN_ABOUT_RETURN_TYPE = YES_ERROR;
				GCC_WARN_UNDECLARED_SELECTOR = YES;
				GCC_WARN_UNINITIALIZED_AUTOS = YES_AGGRESSIVE;
				GCC_WARN_UNUSED_FUNCTION = YES;
				GCC_WARN_UNUSED_VARIABLE = YES;
				MACOSX_DEPLOYMENT_TARGET = 10.15;
				MTL_ENABLE_DEBUG_INFO = INCLUDE_SOURCE;
				MTL_FAST_MATH = YES;
				ONLY_ACTIVE_ARCH = YES;
				SDKROOT = macosx;
			};
			name = Debug;
		};
		47A38ED325276A1700A75E90 /* Release */ = {
			isa = XCBuildConfiguration;
			buildSettings = {
				ALWAYS_SEARCH_USER_PATHS = NO;
				CLANG_ANALYZER_NONNULL = YES;
				CLANG_ANALYZER_NUMBER_OBJECT_CONVERSION = YES_AGGRESSIVE;
				CLANG_CXX_LANGUAGE_STANDARD = "gnu++14";
				CLANG_CXX_LIBRARY = "libc++";
				CLANG_ENABLE_MODULES = YES;
				CLANG_ENABLE_OBJC_ARC = YES;
				CLANG_ENABLE_OBJC_WEAK = YES;
				CLANG_WARN_BLOCK_CAPTURE_AUTORELEASING = YES;
				CLANG_WARN_BOOL_CONVERSION = YES;
				CLANG_WARN_COMMA = YES;
				CLANG_WARN_CONSTANT_CONVERSION = YES;
				CLANG_WARN_DEPRECATED_OBJC_IMPLEMENTATIONS = YES;
				CLANG_WARN_DIRECT_OBJC_ISA_USAGE = YES_ERROR;
				CLANG_WARN_DOCUMENTATION_COMMENTS = YES;
				CLANG_WARN_EMPTY_BODY = YES;
				CLANG_WARN_ENUM_CONVERSION = YES;
				CLANG_WARN_INFINITE_RECURSION = YES;
				CLANG_WARN_INT_CONVERSION = YES;
				CLANG_WARN_NON_LITERAL_NULL_CONVERSION = YES;
				CLANG_WARN_OBJC_IMPLICIT_RETAIN_SELF = YES;
				CLANG_WARN_OBJC_LITERAL_CONVERSION = YES;
				CLANG_WARN_OBJC_ROOT_CLASS = YES_ERROR;
				CLANG_WARN_QUOTED_INCLUDE_IN_FRAMEWORK_HEADER = YES;
				CLANG_WARN_RANGE_LOOP_ANALYSIS = YES;
				CLANG_WARN_STRICT_PROTOTYPES = YES;
				CLANG_WARN_SUSPICIOUS_MOVE = YES;
				CLANG_WARN_UNGUARDED_AVAILABILITY = YES_AGGRESSIVE;
				CLANG_WARN_UNREACHABLE_CODE = YES;
				CLANG_WARN__DUPLICATE_METHOD_MATCH = YES;
				CODE_SIGN_IDENTITY = "-";
				COPY_PHASE_STRIP = NO;
				DEBUG_INFORMATION_FORMAT = "dwarf-with-dsym";
				ENABLE_HARDENED_RUNTIME = YES;
				ENABLE_NS_ASSERTIONS = NO;
				ENABLE_STRICT_OBJC_MSGSEND = YES;
				GCC_C_LANGUAGE_STANDARD = gnu11;
				GCC_NO_COMMON_BLOCKS = YES;
				GCC_WARN_64_TO_32_BIT_CONVERSION = YES;
				GCC_WARN_ABOUT_RETURN_TYPE = YES_ERROR;
				GCC_WARN_UNDECLARED_SELECTOR = YES;
				GCC_WARN_UNINITIALIZED_AUTOS = YES_AGGRESSIVE;
				GCC_WARN_UNUSED_FUNCTION = YES;
				GCC_WARN_UNUSED_VARIABLE = YES;
				MACOSX_DEPLOYMENT_TARGET = 10.15;
				MTL_ENABLE_DEBUG_INFO = NO;
				MTL_FAST_MATH = YES;
				SDKROOT = macosx;
			};
			name = Release;
		};
		47A38ED525276A1700A75E90 /* Debug */ = {
			isa = XCBuildConfiguration;
			buildSettings = {
				CODE_SIGN_IDENTITY = "-";
				CODE_SIGN_STYLE = Automatic;
				ENABLE_HARDENED_RUNTIME = YES;
				PRODUCT_NAME = "$(TARGET_NAME)";
			};
			name = Debug;
		};
		47A38ED625276A1700A75E90 /* Release */ = {
			isa = XCBuildConfiguration;
			buildSettings = {
				CODE_SIGN_IDENTITY = "-";
				CODE_SIGN_STYLE = Automatic;
				ENABLE_HARDENED_RUNTIME = YES;
				PRODUCT_NAME = "$(TARGET_NAME)";
			};
			name = Release;
		};
/* End XCBuildConfiguration section */

/* Begin XCConfigurationList section */
		47A38EC825276A1700A75E90 /* Build configuration list for PBXProject "ub-sort" */ = {
			isa = XCConfigurationList;
			buildConfigurations = (
				47A38ED225276A1700A75E90 /* Debug */,
				47A38ED325276A1700A75E90 /* Release */,
			);
			defaultConfigurationIsVisible = 0;
			defaultConfigurationName = Release;
		};
		47A38ED425276A1700A75E90 /* Build configuration list for PBXNativeTarget "ub-sort" */ = {
			isa = XCConfigurationList;
			buildConfigurations = (
				47A38ED525276A1700A75E90 /* Debug */,
				47A38ED625276A1700A75E90 /* Release */,
			);
			defaultConfigurationIsVisible = 0;
			defaultConfigurationName = Release;
		};
/* End XCConfigurationList section */
	};
	rootObject = 47A38EC525276A1700A75E90 /* Project object */;
}
